// !$*UTF8*$!
{
	archiveVersion = 1;
	classes = {
	};
	objectVersion = 56;
	objects = {

/* Begin PBXBuildFile section */
		295CF92A2B0AF95F00257D83 /* SwiftQRCodeScanner in Frameworks */ = {isa = PBXBuildFile; productRef = 295CF9292B0AF95F00257D83 /* SwiftQRCodeScanner */; };
		AA1F0AEC2B04A08600F3ECFF /* Focus_ModeView.swift in Sources */ = {isa = PBXBuildFile; fileRef = AA1F0AEB2B04A08600F3ECFF /* Focus_ModeView.swift */; };
		AA2147112B03D83C00E7B7A5 /* MainController.swift in Sources */ = {isa = PBXBuildFile; fileRef = AA2147102B03D83C00E7B7A5 /* MainController.swift */; };
		AA46033E2B03D01300F24DC4 /* AccountView.swift in Sources */ = {isa = PBXBuildFile; fileRef = AA46033D2B03D01300F24DC4 /* AccountView.swift */; };
		AA4603402B03D20200F24DC4 /* FriendsView.swift in Sources */ = {isa = PBXBuildFile; fileRef = AA46033F2B03D20200F24DC4 /* FriendsView.swift */; };
		AAA204542B0B2E89006DA103 /* Focus_ModeTypeSelectionView.swift in Sources */ = {isa = PBXBuildFile; fileRef = AAA204532B0B2E89006DA103 /* Focus_ModeTypeSelectionView.swift */; };
		AAB01EAB2B03AC9200A6E8D6 /* StatisticsView.swift in Sources */ = {isa = PBXBuildFile; fileRef = AAB01EAA2B03AC9200A6E8D6 /* StatisticsView.swift */; };
		AAB1BEFE2B0C97A60076FCA4 /* Focus_PomoView.swift in Sources */ = {isa = PBXBuildFile; fileRef = AAB1BEFD2B0C97A60076FCA4 /* Focus_PomoView.swift */; };
		AAB1D2762B05D0B9003A6DBF /* LoginView.swift in Sources */ = {isa = PBXBuildFile; fileRef = AAB1D2752B05D0B9003A6DBF /* LoginView.swift */; };
		AAB1D2782B05D98F003A6DBF /* AuthController.swift in Sources */ = {isa = PBXBuildFile; fileRef = AAB1D2772B05D98F003A6DBF /* AuthController.swift */; };
		AAD489922B02499900E2131B /* HomescreenView.swift in Sources */ = {isa = PBXBuildFile; fileRef = AAD489912B02499900E2131B /* HomescreenView.swift */; };
		F2A28EF22B085A21009B00AD /* SignupView.swift in Sources */ = {isa = PBXBuildFile; fileRef = F2A28EF12B085A21009B00AD /* SignupView.swift */; };
		F2D5F7962B09E2E30041EE70 /* Themes.swift in Sources */ = {isa = PBXBuildFile; fileRef = F2D5F7952B09E2E30041EE70 /* Themes.swift */; };
		F2D5F7992B0A32A60041EE70 /* SignupPassword.swift in Sources */ = {isa = PBXBuildFile; fileRef = F2D5F7982B0A32A60041EE70 /* SignupPassword.swift */; };
		F2D5F79F2B0A41C90041EE70 /* SignupUsername.swift in Sources */ = {isa = PBXBuildFile; fileRef = F2D5F79E2B0A41C90041EE70 /* SignupUsername.swift */; };
		F2D5F7A12B0A4DAA0041EE70 /* Haptics.swift in Sources */ = {isa = PBXBuildFile; fileRef = F2D5F7A02B0A4DAA0041EE70 /* Haptics.swift */; };
		F2DBBABB2B0127460099395D /* FocustApp.swift in Sources */ = {isa = PBXBuildFile; fileRef = F2DBBABA2B0127460099395D /* FocustApp.swift */; };
		F2DBBABD2B0127460099395D /* ContentView.swift in Sources */ = {isa = PBXBuildFile; fileRef = F2DBBABC2B0127460099395D /* ContentView.swift */; };
		F2DBBABF2B01274A0099395D /* Assets.xcassets in Resources */ = {isa = PBXBuildFile; fileRef = F2DBBABE2B01274A0099395D /* Assets.xcassets */; };
		F2DBBAC22B01274A0099395D /* Preview Assets.xcassets in Resources */ = {isa = PBXBuildFile; fileRef = F2DBBAC12B01274A0099395D /* Preview Assets.xcassets */; };
/* End PBXBuildFile section */

/* Begin PBXFileReference section */
		AA1F0AEB2B04A08600F3ECFF /* Focus_ModeView.swift */ = {isa = PBXFileReference; lastKnownFileType = sourcecode.swift; path = Focus_ModeView.swift; sourceTree = "<group>"; };
		AA2147102B03D83C00E7B7A5 /* MainController.swift */ = {isa = PBXFileReference; lastKnownFileType = sourcecode.swift; path = MainController.swift; sourceTree = "<group>"; };
		AA46033D2B03D01300F24DC4 /* AccountView.swift */ = {isa = PBXFileReference; lastKnownFileType = sourcecode.swift; path = AccountView.swift; sourceTree = "<group>"; };
		AA46033F2B03D20200F24DC4 /* FriendsView.swift */ = {isa = PBXFileReference; lastKnownFileType = sourcecode.swift; path = FriendsView.swift; sourceTree = "<group>"; };
		AAA204532B0B2E89006DA103 /* Focus_ModeTypeSelectionView.swift */ = {isa = PBXFileReference; lastKnownFileType = sourcecode.swift; path = Focus_ModeTypeSelectionView.swift; sourceTree = "<group>"; };
		AAB01EAA2B03AC9200A6E8D6 /* StatisticsView.swift */ = {isa = PBXFileReference; lastKnownFileType = sourcecode.swift; path = StatisticsView.swift; sourceTree = "<group>"; };
		AAB1BEFD2B0C97A60076FCA4 /* Focus_PomoView.swift */ = {isa = PBXFileReference; lastKnownFileType = sourcecode.swift; path = Focus_PomoView.swift; sourceTree = "<group>"; };
		AAB1D2752B05D0B9003A6DBF /* LoginView.swift */ = {isa = PBXFileReference; lastKnownFileType = sourcecode.swift; path = LoginView.swift; sourceTree = "<group>"; };
		AAB1D2772B05D98F003A6DBF /* AuthController.swift */ = {isa = PBXFileReference; lastKnownFileType = sourcecode.swift; path = AuthController.swift; sourceTree = "<group>"; };
		AAD489912B02499900E2131B /* HomescreenView.swift */ = {isa = PBXFileReference; lastKnownFileType = sourcecode.swift; path = HomescreenView.swift; sourceTree = "<group>"; };
		F2A28EF12B085A21009B00AD /* SignupView.swift */ = {isa = PBXFileReference; lastKnownFileType = sourcecode.swift; path = SignupView.swift; sourceTree = "<group>"; };
		F2D5F7952B09E2E30041EE70 /* Themes.swift */ = {isa = PBXFileReference; lastKnownFileType = sourcecode.swift; path = Themes.swift; sourceTree = "<group>"; };
		F2D5F7982B0A32A60041EE70 /* SignupPassword.swift */ = {isa = PBXFileReference; lastKnownFileType = sourcecode.swift; path = SignupPassword.swift; sourceTree = "<group>"; };
		F2D5F79E2B0A41C90041EE70 /* SignupUsername.swift */ = {isa = PBXFileReference; lastKnownFileType = sourcecode.swift; path = SignupUsername.swift; sourceTree = "<group>"; };
		F2D5F7A02B0A4DAA0041EE70 /* Haptics.swift */ = {isa = PBXFileReference; lastKnownFileType = sourcecode.swift; path = Haptics.swift; sourceTree = "<group>"; };
		F2DBBAB72B0127460099395D /* Focust.app */ = {isa = PBXFileReference; explicitFileType = wrapper.application; includeInIndex = 0; path = Focust.app; sourceTree = BUILT_PRODUCTS_DIR; };
		F2DBBABA2B0127460099395D /* FocustApp.swift */ = {isa = PBXFileReference; lastKnownFileType = sourcecode.swift; path = FocustApp.swift; sourceTree = "<group>"; };
		F2DBBABC2B0127460099395D /* ContentView.swift */ = {isa = PBXFileReference; lastKnownFileType = sourcecode.swift; path = ContentView.swift; sourceTree = "<group>"; };
		F2DBBABE2B01274A0099395D /* Assets.xcassets */ = {isa = PBXFileReference; lastKnownFileType = folder.assetcatalog; path = Assets.xcassets; sourceTree = "<group>"; };
		F2DBBAC12B01274A0099395D /* Preview Assets.xcassets */ = {isa = PBXFileReference; lastKnownFileType = folder.assetcatalog; path = "Preview Assets.xcassets"; sourceTree = "<group>"; };
/* End PBXFileReference section */

/* Begin PBXFrameworksBuildPhase section */
		F2DBBAB42B0127460099395D /* Frameworks */ = {
			isa = PBXFrameworksBuildPhase;
			buildActionMask = 2147483647;
			files = (
				295CF92A2B0AF95F00257D83 /* SwiftQRCodeScanner in Frameworks */,
			);
			runOnlyForDeploymentPostprocessing = 0;
		};
/* End PBXFrameworksBuildPhase section */

/* Begin PBXGroup section */
		AAA204552B0B2EAD006DA103 /* Focus Mode */ = {
			isa = PBXGroup;
			children = (
				AA1F0AEB2B04A08600F3ECFF /* Focus_ModeView.swift */,
				AAA204532B0B2E89006DA103 /* Focus_ModeTypeSelectionView.swift */,
				AAB1BEFD2B0C97A60076FCA4 /* Focus_PomoView.swift */,
			);
			path = "Focus Mode";
			sourceTree = "<group>";
		};
		F2536B982B06F8F5004A3CA9 /* Auth */ = {
			isa = PBXGroup;
			children = (
				F2D5F7972B0A32820041EE70 /* Signup */,
				AAB1D2772B05D98F003A6DBF /* AuthController.swift */,
				AAB1D2752B05D0B9003A6DBF /* LoginView.swift */,
			);
			path = Auth;
			sourceTree = "<group>";
		};
		F2536B992B06F93B004A3CA9 /* Views */ = {
			isa = PBXGroup;
			children = (
				AAA204552B0B2EAD006DA103 /* Focus Mode */,
				AA2147102B03D83C00E7B7A5 /* MainController.swift */,
				AAD489912B02499900E2131B /* HomescreenView.swift */,
				AA46033F2B03D20200F24DC4 /* FriendsView.swift */,
				AAB01EAA2B03AC9200A6E8D6 /* StatisticsView.swift */,
				AA46033D2B03D01300F24DC4 /* AccountView.swift */,
			);
			path = Views;
			sourceTree = "<group>";
		};
		F2D5F7942B09E2C60041EE70 /* Utilities */ = {
			isa = PBXGroup;
			children = (
				F2D5F7952B09E2E30041EE70 /* Themes.swift */,
				F2D5F7A02B0A4DAA0041EE70 /* Haptics.swift */,
			);
			path = Utilities;
			sourceTree = "<group>";
		};
		F2D5F7972B0A32820041EE70 /* Signup */ = {
			isa = PBXGroup;
			children = (
				F2A28EF12B085A21009B00AD /* SignupView.swift */,
				F2D5F7982B0A32A60041EE70 /* SignupPassword.swift */,
				F2D5F79E2B0A41C90041EE70 /* SignupUsername.swift */,
			);
			path = Signup;
			sourceTree = "<group>";
		};
		F2DBBAAE2B0127460099395D = {
			isa = PBXGroup;
			children = (
				F2DBBAB92B0127460099395D /* Focust */,
				F2DBBAB82B0127460099395D /* Products */,
			);
			sourceTree = "<group>";
		};
		F2DBBAB82B0127460099395D /* Products */ = {
			isa = PBXGroup;
			children = (
				F2DBBAB72B0127460099395D /* Focust.app */,
			);
			name = Products;
			sourceTree = "<group>";
		};
		F2DBBAB92B0127460099395D /* Focust */ = {
			isa = PBXGroup;
			children = (
				F2D5F7942B09E2C60041EE70 /* Utilities */,
				F2536B992B06F93B004A3CA9 /* Views */,
				F2536B982B06F8F5004A3CA9 /* Auth */,
				F2DBBABA2B0127460099395D /* FocustApp.swift */,
				F2DBBABC2B0127460099395D /* ContentView.swift */,
				F2DBBABE2B01274A0099395D /* Assets.xcassets */,
				F2DBBAC02B01274A0099395D /* Preview Content */,
			);
			path = Focust;
			sourceTree = "<group>";
		};
		F2DBBAC02B01274A0099395D /* Preview Content */ = {
			isa = PBXGroup;
			children = (
				F2DBBAC12B01274A0099395D /* Preview Assets.xcassets */,
			);
			path = "Preview Content";
			sourceTree = "<group>";
		};
/* End PBXGroup section */

/* Begin PBXNativeTarget section */
		F2DBBAB62B0127460099395D /* Focust */ = {
			isa = PBXNativeTarget;
			buildConfigurationList = F2DBBAC52B01274A0099395D /* Build configuration list for PBXNativeTarget "Focust" */;
			buildPhases = (
				F2DBBAB32B0127460099395D /* Sources */,
				F2DBBAB42B0127460099395D /* Frameworks */,
				F2DBBAB52B0127460099395D /* Resources */,
			);
			buildRules = (
			);
			dependencies = (
			);
			name = Focust;
			packageProductDependencies = (
				295CF9292B0AF95F00257D83 /* SwiftQRCodeScanner */,
			);
			productName = Focust;
			productReference = F2DBBAB72B0127460099395D /* Focust.app */;
			productType = "com.apple.product-type.application";
		};
/* End PBXNativeTarget section */

/* Begin PBXProject section */
		F2DBBAAF2B0127460099395D /* Project object */ = {
			isa = PBXProject;
			attributes = {
				BuildIndependentTargetsInParallel = 1;
				LastSwiftUpdateCheck = 1500;
				LastUpgradeCheck = 1500;
				TargetAttributes = {
					F2DBBAB62B0127460099395D = {
						CreatedOnToolsVersion = 15.0.1;
					};
				};
			};
			buildConfigurationList = F2DBBAB22B0127460099395D /* Build configuration list for PBXProject "Focust" */;
			compatibilityVersion = "Xcode 14.0";
			developmentRegion = en;
			hasScannedForEncodings = 0;
			knownRegions = (
				en,
				Base,
			);
			mainGroup = F2DBBAAE2B0127460099395D;
			packageReferences = (
				295CF9282B0AF95F00257D83 /* XCRemoteSwiftPackageReference "SwiftQRScanner" */,
			);
			productRefGroup = F2DBBAB82B0127460099395D /* Products */;
			projectDirPath = "";
			projectRoot = "";
			targets = (
				F2DBBAB62B0127460099395D /* Focust */,
			);
		};
/* End PBXProject section */

/* Begin PBXResourcesBuildPhase section */
		F2DBBAB52B0127460099395D /* Resources */ = {
			isa = PBXResourcesBuildPhase;
			buildActionMask = 2147483647;
			files = (
				F2DBBAC22B01274A0099395D /* Preview Assets.xcassets in Resources */,
				F2DBBABF2B01274A0099395D /* Assets.xcassets in Resources */,
			);
			runOnlyForDeploymentPostprocessing = 0;
		};
/* End PBXResourcesBuildPhase section */

/* Begin PBXSourcesBuildPhase section */
		F2DBBAB32B0127460099395D /* Sources */ = {
			isa = PBXSourcesBuildPhase;
			buildActionMask = 2147483647;
			files = (
				AA1F0AEC2B04A08600F3ECFF /* Focus_ModeView.swift in Sources */,
				F2DBBABD2B0127460099395D /* ContentView.swift in Sources */,
				AAB1D2782B05D98F003A6DBF /* AuthController.swift in Sources */,
				AA4603402B03D20200F24DC4 /* FriendsView.swift in Sources */,
				F2D5F7A12B0A4DAA0041EE70 /* Haptics.swift in Sources */,
				AAD489922B02499900E2131B /* HomescreenView.swift in Sources */,
				AAB01EAB2B03AC9200A6E8D6 /* StatisticsView.swift in Sources */,
				AA2147112B03D83C00E7B7A5 /* MainController.swift in Sources */,
				AAB1BEFE2B0C97A60076FCA4 /* Focus_PomoView.swift in Sources */,
				F2D5F7962B09E2E30041EE70 /* Themes.swift in Sources */,
				AAA204542B0B2E89006DA103 /* Focus_ModeTypeSelectionView.swift in Sources */,
				AAB1D2762B05D0B9003A6DBF /* LoginView.swift in Sources */,
				F2D5F79F2B0A41C90041EE70 /* SignupUsername.swift in Sources */,
				F2D5F7992B0A32A60041EE70 /* SignupPassword.swift in Sources */,
				F2A28EF22B085A21009B00AD /* SignupView.swift in Sources */,
				F2DBBABB2B0127460099395D /* FocustApp.swift in Sources */,
				AA46033E2B03D01300F24DC4 /* AccountView.swift in Sources */,
			);
			runOnlyForDeploymentPostprocessing = 0;
		};
/* End PBXSourcesBuildPhase section */

/* Begin XCBuildConfiguration section */
		F2DBBAC32B01274A0099395D /* Debug */ = {
			isa = XCBuildConfiguration;
			buildSettings = {
				ALWAYS_SEARCH_USER_PATHS = NO;
				ASSETCATALOG_COMPILER_GENERATE_SWIFT_ASSET_SYMBOL_EXTENSIONS = YES;
				CLANG_ANALYZER_NONNULL = YES;
				CLANG_ANALYZER_NUMBER_OBJECT_CONVERSION = YES_AGGRESSIVE;
				CLANG_CXX_LANGUAGE_STANDARD = "gnu++20";
				CLANG_ENABLE_MODULES = YES;
				CLANG_ENABLE_OBJC_ARC = YES;
				CLANG_ENABLE_OBJC_WEAK = YES;
				CLANG_WARN_BLOCK_CAPTURE_AUTORELEASING = YES;
				CLANG_WARN_BOOL_CONVERSION = YES;
				CLANG_WARN_COMMA = YES;
				CLANG_WARN_CONSTANT_CONVERSION = YES;
				CLANG_WARN_DEPRECATED_OBJC_IMPLEMENTATIONS = YES;
				CLANG_WARN_DIRECT_OBJC_ISA_USAGE = YES_ERROR;
				CLANG_WARN_DOCUMENTATION_COMMENTS = YES;
				CLANG_WARN_EMPTY_BODY = YES;
				CLANG_WARN_ENUM_CONVERSION = YES;
				CLANG_WARN_INFINITE_RECURSION = YES;
				CLANG_WARN_INT_CONVERSION = YES;
				CLANG_WARN_NON_LITERAL_NULL_CONVERSION = YES;
				CLANG_WARN_OBJC_IMPLICIT_RETAIN_SELF = YES;
				CLANG_WARN_OBJC_LITERAL_CONVERSION = YES;
				CLANG_WARN_OBJC_ROOT_CLASS = YES_ERROR;
				CLANG_WARN_QUOTED_INCLUDE_IN_FRAMEWORK_HEADER = YES;
				CLANG_WARN_RANGE_LOOP_ANALYSIS = YES;
				CLANG_WARN_STRICT_PROTOTYPES = YES;
				CLANG_WARN_SUSPICIOUS_MOVE = YES;
				CLANG_WARN_UNGUARDED_AVAILABILITY = YES_AGGRESSIVE;
				CLANG_WARN_UNREACHABLE_CODE = YES;
				CLANG_WARN__DUPLICATE_METHOD_MATCH = YES;
				COPY_PHASE_STRIP = NO;
				DEBUG_INFORMATION_FORMAT = dwarf;
				ENABLE_STRICT_OBJC_MSGSEND = YES;
				ENABLE_TESTABILITY = YES;
				ENABLE_USER_SCRIPT_SANDBOXING = YES;
				GCC_C_LANGUAGE_STANDARD = gnu17;
				GCC_DYNAMIC_NO_PIC = NO;
				GCC_NO_COMMON_BLOCKS = YES;
				GCC_OPTIMIZATION_LEVEL = 0;
				GCC_PREPROCESSOR_DEFINITIONS = (
					"DEBUG=1",
					"$(inherited)",
				);
				GCC_WARN_64_TO_32_BIT_CONVERSION = YES;
				GCC_WARN_ABOUT_RETURN_TYPE = YES_ERROR;
				GCC_WARN_UNDECLARED_SELECTOR = YES;
				GCC_WARN_UNINITIALIZED_AUTOS = YES_AGGRESSIVE;
				GCC_WARN_UNUSED_FUNCTION = YES;
				GCC_WARN_UNUSED_VARIABLE = YES;
				IPHONEOS_DEPLOYMENT_TARGET = 17.0;
				LOCALIZATION_PREFERS_STRING_CATALOGS = YES;
				MTL_ENABLE_DEBUG_INFO = INCLUDE_SOURCE;
				MTL_FAST_MATH = YES;
				ONLY_ACTIVE_ARCH = YES;
				SDKROOT = iphoneos;
				SWIFT_ACTIVE_COMPILATION_CONDITIONS = "DEBUG $(inherited)";
				SWIFT_OPTIMIZATION_LEVEL = "-Onone";
			};
			name = Debug;
		};
		F2DBBAC42B01274A0099395D /* Release */ = {
			isa = XCBuildConfiguration;
			buildSettings = {
				ALWAYS_SEARCH_USER_PATHS = NO;
				ASSETCATALOG_COMPILER_GENERATE_SWIFT_ASSET_SYMBOL_EXTENSIONS = YES;
				CLANG_ANALYZER_NONNULL = YES;
				CLANG_ANALYZER_NUMBER_OBJECT_CONVERSION = YES_AGGRESSIVE;
				CLANG_CXX_LANGUAGE_STANDARD = "gnu++20";
				CLANG_ENABLE_MODULES = YES;
				CLANG_ENABLE_OBJC_ARC = YES;
				CLANG_ENABLE_OBJC_WEAK = YES;
				CLANG_WARN_BLOCK_CAPTURE_AUTORELEASING = YES;
				CLANG_WARN_BOOL_CONVERSION = YES;
				CLANG_WARN_COMMA = YES;
				CLANG_WARN_CONSTANT_CONVERSION = YES;
				CLANG_WARN_DEPRECATED_OBJC_IMPLEMENTATIONS = YES;
				CLANG_WARN_DIRECT_OBJC_ISA_USAGE = YES_ERROR;
				CLANG_WARN_DOCUMENTATION_COMMENTS = YES;
				CLANG_WARN_EMPTY_BODY = YES;
				CLANG_WARN_ENUM_CONVERSION = YES;
				CLANG_WARN_INFINITE_RECURSION = YES;
				CLANG_WARN_INT_CONVERSION = YES;
				CLANG_WARN_NON_LITERAL_NULL_CONVERSION = YES;
				CLANG_WARN_OBJC_IMPLICIT_RETAIN_SELF = YES;
				CLANG_WARN_OBJC_LITERAL_CONVERSION = YES;
				CLANG_WARN_OBJC_ROOT_CLASS = YES_ERROR;
				CLANG_WARN_QUOTED_INCLUDE_IN_FRAMEWORK_HEADER = YES;
				CLANG_WARN_RANGE_LOOP_ANALYSIS = YES;
				CLANG_WARN_STRICT_PROTOTYPES = YES;
				CLANG_WARN_SUSPICIOUS_MOVE = YES;
				CLANG_WARN_UNGUARDED_AVAILABILITY = YES_AGGRESSIVE;
				CLANG_WARN_UNREACHABLE_CODE = YES;
				CLANG_WARN__DUPLICATE_METHOD_MATCH = YES;
				COPY_PHASE_STRIP = NO;
				DEBUG_INFORMATION_FORMAT = "dwarf-with-dsym";
				ENABLE_NS_ASSERTIONS = NO;
				ENABLE_STRICT_OBJC_MSGSEND = YES;
				ENABLE_USER_SCRIPT_SANDBOXING = YES;
				GCC_C_LANGUAGE_STANDARD = gnu17;
				GCC_NO_COMMON_BLOCKS = YES;
				GCC_WARN_64_TO_32_BIT_CONVERSION = YES;
				GCC_WARN_ABOUT_RETURN_TYPE = YES_ERROR;
				GCC_WARN_UNDECLARED_SELECTOR = YES;
				GCC_WARN_UNINITIALIZED_AUTOS = YES_AGGRESSIVE;
				GCC_WARN_UNUSED_FUNCTION = YES;
				GCC_WARN_UNUSED_VARIABLE = YES;
				IPHONEOS_DEPLOYMENT_TARGET = 17.0;
				LOCALIZATION_PREFERS_STRING_CATALOGS = YES;
				MTL_ENABLE_DEBUG_INFO = NO;
				MTL_FAST_MATH = YES;
				SDKROOT = iphoneos;
				SWIFT_COMPILATION_MODE = wholemodule;
				VALIDATE_PRODUCT = YES;
			};
			name = Release;
		};
		F2DBBAC62B01274A0099395D /* Debug */ = {
			isa = XCBuildConfiguration;
			buildSettings = {
				ASSETCATALOG_COMPILER_APPICON_NAME = AppIcon;
				ASSETCATALOG_COMPILER_GLOBAL_ACCENT_COLOR_NAME = AccentColor;
				CODE_SIGN_STYLE = Automatic;
				CURRENT_PROJECT_VERSION = 1;
				DEVELOPMENT_ASSET_PATHS = "\"Focust/Preview Content\"";
				DEVELOPMENT_TEAM = PAY24Z9872;
				ENABLE_PREVIEWS = YES;
				GENERATE_INFOPLIST_FILE = YES;
				INFOPLIST_KEY_UIApplicationSceneManifest_Generation = YES;
				INFOPLIST_KEY_UIApplicationSupportsIndirectInputEvents = YES;
				INFOPLIST_KEY_UILaunchScreen_Generation = YES;
				INFOPLIST_KEY_UISupportedInterfaceOrientations_iPad = "UIInterfaceOrientationPortrait UIInterfaceOrientationPortraitUpsideDown UIInterfaceOrientationLandscapeLeft UIInterfaceOrientationLandscapeRight";
				INFOPLIST_KEY_UISupportedInterfaceOrientations_iPhone = "UIInterfaceOrientationPortrait UIInterfaceOrientationLandscapeLeft UIInterfaceOrientationLandscapeRight";
				IPHONEOS_DEPLOYMENT_TARGET = 15.6;
				LD_RUNPATH_SEARCH_PATHS = (
					"$(inherited)",
					"@executable_path/Frameworks",
				);
				MARKETING_VERSION = 1.0;
				PRODUCT_BUNDLE_IDENTIFIER = com.hahahahahshwidjowefwfjweffw.Focust;
				PRODUCT_NAME = "$(TARGET_NAME)";
				SWIFT_EMIT_LOC_STRINGS = YES;
				SWIFT_VERSION = 5.0;
				TARGETED_DEVICE_FAMILY = "1,2";
			};
			name = Debug;
		};
		F2DBBAC72B01274A0099395D /* Release */ = {
			isa = XCBuildConfiguration;
			buildSettings = {
				ASSETCATALOG_COMPILER_APPICON_NAME = AppIcon;
				ASSETCATALOG_COMPILER_GLOBAL_ACCENT_COLOR_NAME = AccentColor;
				CODE_SIGN_STYLE = Automatic;
				CURRENT_PROJECT_VERSION = 1;
				DEVELOPMENT_ASSET_PATHS = "\"Focust/Preview Content\"";
				DEVELOPMENT_TEAM = PAY24Z9872;
				ENABLE_PREVIEWS = YES;
				GENERATE_INFOPLIST_FILE = YES;
				INFOPLIST_KEY_UIApplicationSceneManifest_Generation = YES;
				INFOPLIST_KEY_UIApplicationSupportsIndirectInputEvents = YES;
				INFOPLIST_KEY_UILaunchScreen_Generation = YES;
				INFOPLIST_KEY_UISupportedInterfaceOrientations_iPad = "UIInterfaceOrientationPortrait UIInterfaceOrientationPortraitUpsideDown UIInterfaceOrientationLandscapeLeft UIInterfaceOrientationLandscapeRight";
				INFOPLIST_KEY_UISupportedInterfaceOrientations_iPhone = "UIInterfaceOrientationPortrait UIInterfaceOrientationLandscapeLeft UIInterfaceOrientationLandscapeRight";
				IPHONEOS_DEPLOYMENT_TARGET = 15.6;
				LD_RUNPATH_SEARCH_PATHS = (
					"$(inherited)",
					"@executable_path/Frameworks",
				);
				MARKETING_VERSION = 1.0;
				PRODUCT_BUNDLE_IDENTIFIER = com.hahahahahshwidjowefwfjweffw.Focust;
				PRODUCT_NAME = "$(TARGET_NAME)";
				SWIFT_EMIT_LOC_STRINGS = YES;
				SWIFT_VERSION = 5.0;
				TARGETED_DEVICE_FAMILY = "1,2";
			};
			name = Release;
		};
/* End XCBuildConfiguration section */

/* Begin XCConfigurationList section */
		F2DBBAB22B0127460099395D /* Build configuration list for PBXProject "Focust" */ = {
			isa = XCConfigurationList;
			buildConfigurations = (
				F2DBBAC32B01274A0099395D /* Debug */,
				F2DBBAC42B01274A0099395D /* Release */,
			);
			defaultConfigurationIsVisible = 0;
			defaultConfigurationName = Release;
		};
		F2DBBAC52B01274A0099395D /* Build configuration list for PBXNativeTarget "Focust" */ = {
			isa = XCConfigurationList;
			buildConfigurations = (
				F2DBBAC62B01274A0099395D /* Debug */,
				F2DBBAC72B01274A0099395D /* Release */,
			);
			defaultConfigurationIsVisible = 0;
			defaultConfigurationName = Release;
		};
/* End XCConfigurationList section */

/* Begin XCRemoteSwiftPackageReference section */
		295CF9282B0AF95F00257D83 /* XCRemoteSwiftPackageReference "SwiftQRScanner" */ = {
			isa = XCRemoteSwiftPackageReference;
			repositoryURL = "https://github.com/vinodiOS/SwiftQRScanner";
			requirement = {
				kind = upToNextMajorVersion;
				minimumVersion = 1.1.5;
			};
		};
/* End XCRemoteSwiftPackageReference section */

/* Begin XCSwiftPackageProductDependency section */
		295CF9292B0AF95F00257D83 /* SwiftQRCodeScanner */ = {
			isa = XCSwiftPackageProductDependency;
			package = 295CF9282B0AF95F00257D83 /* XCRemoteSwiftPackageReference "SwiftQRScanner" */;
			productName = SwiftQRCodeScanner;
		};
/* End XCSwiftPackageProductDependency section */
	};
	rootObject = F2DBBAAF2B0127460099395D /* Project object */;
}
